
Microsoft Visual Studio Solution File, Format Version 12.00
# Visual Studio Version 17
VisualStudioVersion = 17.5.33530.505
MinimumVisualStudioVersion = 10.0.40219.1
Project("{FAE04EC0-301F-11D3-BF4B-00C04F79EFBC}") = "FarmCentralWebsite", "FarmCentralWebsite\FarmCentralWebsite.csproj", "{C9C56779-2C5C-4B12-B07F-36E464770A46}"
EndProject
Global
	GlobalSection(SolutionConfigurationPlatforms) = preSolution
		Debug|Any CPU = Debug|Any CPU
		Release|Any CPU = Release|Any CPU
	EndGlobalSection
	GlobalSection(ProjectConfigurationPlatforms) = postSolution
		{C9C56779-2C5C-4B12-B07F-36E464770A46}.Debug|Any CPU.ActiveCfg = Debug|Any CPU
		{C9C56779-2C5C-4B12-B07F-36E464770A46}.Debug|Any CPU.Build.0 = Debug|Any CPU
		{C9C56779-2C5C-4B12-B07F-36E464770A46}.Release|Any CPU.ActiveCfg = Release|Any CPU
		{C9C56779-2C5C-4B12-B07F-36E464770A46}.Release|Any CPU.Build.0 = Release|Any CPU
	EndGlobalSection
	GlobalSection(SolutionProperties) = preSolution
		HideSolutionNode = FALSE
	EndGlobalSection
	GlobalSection(ExtensibilityGlobals) = postSolution
		SolutionGuid = {F3E0981A-329B-40AC-A870-1FFB35C8DC5B}
	EndGlobalSection
EndGlobal
